{
  "originHash" : "3cc2a485937c52ec78310cc6e35ad84d961e1806b86b6b80241d994f379c382f",
  "pins" : [
    {
      "identity" : "steamworks-swift",
      "kind" : "remoteSourceControl",
      "location" : "https://github.com/johnfairh/steamworks-swift",
      "state" : {
        "revision" : "411f4848da65afb1b267f9472d44ac9fca7fb208",
        "version" : "0.5.4"
      }
    },
    {
      "identity" : "swift-log",
      "kind" : "remoteSourceControl",
      "location" : "https://github.com/apple/swift-log.git",
      "state" : {
        "revision" : "9cb486020ebf03bfa5b5df985387a14a98744537",
        "version" : "1.6.1"
      }
    },
    {
      "identity" : "tmlengines",
      "kind" : "remoteSourceControl",
      "location" : "https://github.com/johnfairh/TMLEngines",
      "state" : {
        "revision" : "de8ce9a42bd55394daf2d37b2c5767a0d0725e8c",
        "version" : "1.3.4"
      }
    }
  ],
  "version" : 3
}
