{
  "originHash" : "a33c95d3128da4c89d3ec83b75e5b1df79f39a5b510fbf752156fc487d86a2fb",
  "pins" : [
    {
      "identity" : "steamworks-swift",
      "kind" : "remoteSourceControl",
      "location" : "https://github.com/johnfairh/steamworks-swift",
      "state" : {
        "branch" : "main",
        "revision" : "30cbe4c7775e4d97b22ede102152ba137a1c502f"
      }
    },
    {
      "identity" : "swift-log",
      "kind" : "remoteSourceControl",
      "location" : "https://github.com/apple/swift-log.git",
      "state" : {
        "revision" : "ce592ae52f982c847a4efc0dd881cc9eb32d29f2",
        "version" : "1.6.4"
      }
    },
    {
      "identity" : "tmlengines",
      "kind" : "remoteSourceControl",
      "location" : "https://github.com/johnfairh/TMLEngines",
      "state" : {
        "revision" : "bb7abf404a37193e93a7715ae66d0b55eae4fa1c",
        "version" : "1.3.5"
      }
    }
  ],
  "version" : 3
}
