{
  "originHash" : "0e835b31f6c99de6fcc976f46a22a3f635ba60b860700b86b6104956fd572882",
  "pins" : [
    {
      "identity" : "steamworks-swift",
      "kind" : "remoteSourceControl",
      "location" : "https://github.com/johnfairh/steamworks-swift",
      "state" : {
        "revision" : "a55227dc4f155977147d7cb66c0d164c6139a870",
        "version" : "0.5.2"
      }
    },
    {
      "identity" : "swift-log",
      "kind" : "remoteSourceControl",
      "location" : "https://github.com/apple/swift-log.git",
      "state" : {
        "revision" : "e97a6fcb1ab07462881ac165fdbb37f067e205d5",
        "version" : "1.5.4"
      }
    },
    {
      "identity" : "tmlengines",
      "kind" : "remoteSourceControl",
      "location" : "https://github.com/johnfairh/TMLEngines",
      "state" : {
        "revision" : "3a728fea123425746bea5ec0b07ee6c80eb6c53d",
        "version" : "1.3.3"
      }
    }
  ],
  "version" : 3
}
