{
  "pins" : [
    {
      "identity" : "steamworks-swift",
      "kind" : "remoteSourceControl",
      "location" : "https://github.com/johnfairh/steamworks-swift",
      "state" : {
        "branch" : "main",
        "revision" : "182cea1868516c575531d645dfd65b354bb30cae"
      }
    },
    {
      "identity" : "swift-log",
      "kind" : "remoteSourceControl",
      "location" : "https://github.com/apple/swift-log.git",
      "state" : {
        "revision" : "6fe203dc33195667ce1759bf0182975e4653ba1c",
        "version" : "1.4.4"
      }
    },
    {
      "identity" : "tmlengines",
      "kind" : "remoteSourceControl",
      "location" : "https://github.com/johnfairh/TMLEngines",
      "state" : {
        "revision" : "350b08c304027a8f382c47d89d45bd2c50f66753",
        "version" : "1.1.0"
      }
    }
  ],
  "version" : 2
}
